{
  "originHash" : "10fd41941bbe1c5c74814bf86befe0f658dad4988ee5733514a7b567f1d1459b",
  "pins" : [
    {
      "identity" : "bonsplit",
      "kind" : "remoteSourceControl",
      "location" : "https://github.com/almonk/bonsplit.git",
      "state" : {
        "branch" : "main",
        "revision" : "dba79cd31e26bf8021e0a4f5bba0d0756c191918"
      }
    },
    {
      "identity" : "kingfisher",
      "kind" : "remoteSourceControl",
      "location" : "https://github.com/onevcat/Kingfisher.git",
      "state" : {
        "revision" : "d30a5fad881137e2267f96a8e3fc35c58999bb94",
        "version" : "8.6.2"
      }
    }
  ],
  "version" : 3
}
